
Microsoft Visual Studio Solution File, Format Version 12.00
# Visual Studio Version 17
VisualStudioVersion = 17.12.35527.113 d17.12
MinimumVisualStudioVersion = 10.0.40219.1
Project("{FAE04EC0-301F-11D3-BF4B-00C04F79EFBC}") = "PRN222_FinalProject", "PRN222_FinalProject\PRN222_FinalProject.csproj", "{2B4C19D5-8340-4A80-8B78-5744F0B74929}"
EndProject
Project("{FAE04EC0-301F-11D3-BF4B-00C04F79EFBC}") = "DAL", "DAL\DAL.csproj", "{383C25AE-2910-4DD4-8E8C-9191726FF739}"
EndProject
Project("{FAE04EC0-301F-11D3-BF4B-00C04F79EFBC}") = "BLL", "BLL\BLL.csproj", "{355C3CD5-AD6C-49C3-B9B8-AE9ACB51D194}"
EndProject
Global
	GlobalSection(SolutionConfigurationPlatforms) = preSolution
		Debug|Any CPU = Debug|Any CPU
		Release|Any CPU = Release|Any CPU
	EndGlobalSection
	GlobalSection(ProjectConfigurationPlatforms) = postSolution
		{2B4C19D5-8340-4A80-8B78-5744F0B74929}.Debug|Any CPU.ActiveCfg = Debug|Any CPU
		{2B4C19D5-8340-4A80-8B78-5744F0B74929}.Debug|Any CPU.Build.0 = Debug|Any CPU
		{2B4C19D5-8340-4A80-8B78-5744F0B74929}.Release|Any CPU.ActiveCfg = Release|Any CPU
		{2B4C19D5-8340-4A80-8B78-5744F0B74929}.Release|Any CPU.Build.0 = Release|Any CPU
		{383C25AE-2910-4DD4-8E8C-9191726FF739}.Debug|Any CPU.ActiveCfg = Debug|Any CPU
		{383C25AE-2910-4DD4-8E8C-9191726FF739}.Debug|Any CPU.Build.0 = Debug|Any CPU
		{383C25AE-2910-4DD4-8E8C-9191726FF739}.Release|Any CPU.ActiveCfg = Release|Any CPU
		{383C25AE-2910-4DD4-8E8C-9191726FF739}.Release|Any CPU.Build.0 = Release|Any CPU
		{355C3CD5-AD6C-49C3-B9B8-AE9ACB51D194}.Debug|Any CPU.ActiveCfg = Debug|Any CPU
		{355C3CD5-AD6C-49C3-B9B8-AE9ACB51D194}.Debug|Any CPU.Build.0 = Debug|Any CPU
		{355C3CD5-AD6C-49C3-B9B8-AE9ACB51D194}.Release|Any CPU.ActiveCfg = Release|Any CPU
		{355C3CD5-AD6C-49C3-B9B8-AE9ACB51D194}.Release|Any CPU.Build.0 = Release|Any CPU
	EndGlobalSection
	GlobalSection(SolutionProperties) = preSolution
		HideSolutionNode = FALSE
	EndGlobalSection
EndGlobal
